
Microsoft Visual Studio Solution File, Format Version 12.00
# Visual Studio Version 17
VisualStudioVersion = 17.7.34202.233
MinimumVisualStudioVersion = 10.0.40219.1
Project("{FAE04EC0-301F-11D3-BF4B-00C04F79EFBC}") = "Property.API", "Property.API\Property.API.csproj", "{3F58322C-C5C0-4338-905E-774EA5B85F45}"
EndProject
Project("{FAE04EC0-301F-11D3-BF4B-00C04F79EFBC}") = "Property.Infrastructure", "Property.Infrastructure\Property.Infrastructure.csproj", "{EF75B9B0-AFE4-4F0D-9638-D4CD76086C4C}"
EndProject
Project("{FAE04EC0-301F-11D3-BF4B-00C04F79EFBC}") = "Property.Domain", "Property.Domain\Property.Domain.csproj", "{E253EEF9-ECE5-413B-A314-562A58900AA5}"
EndProject
Global
	GlobalSection(SolutionConfigurationPlatforms) = preSolution
		Debug|Any CPU = Debug|Any CPU
		Release|Any CPU = Release|Any CPU
	EndGlobalSection
	GlobalSection(ProjectConfigurationPlatforms) = postSolution
		{3F58322C-C5C0-4338-905E-774EA5B85F45}.Debug|Any CPU.ActiveCfg = Debug|Any CPU
		{3F58322C-C5C0-4338-905E-774EA5B85F45}.Debug|Any CPU.Build.0 = Debug|Any CPU
		{3F58322C-C5C0-4338-905E-774EA5B85F45}.Release|Any CPU.ActiveCfg = Release|Any CPU
		{3F58322C-C5C0-4338-905E-774EA5B85F45}.Release|Any CPU.Build.0 = Release|Any CPU
		{EF75B9B0-AFE4-4F0D-9638-D4CD76086C4C}.Debug|Any CPU.ActiveCfg = Debug|Any CPU
		{EF75B9B0-AFE4-4F0D-9638-D4CD76086C4C}.Debug|Any CPU.Build.0 = Debug|Any CPU
		{EF75B9B0-AFE4-4F0D-9638-D4CD76086C4C}.Release|Any CPU.ActiveCfg = Release|Any CPU
		{EF75B9B0-AFE4-4F0D-9638-D4CD76086C4C}.Release|Any CPU.Build.0 = Release|Any CPU
		{E253EEF9-ECE5-413B-A314-562A58900AA5}.Debug|Any CPU.ActiveCfg = Debug|Any CPU
		{E253EEF9-ECE5-413B-A314-562A58900AA5}.Debug|Any CPU.Build.0 = Debug|Any CPU
		{E253EEF9-ECE5-413B-A314-562A58900AA5}.Release|Any CPU.ActiveCfg = Release|Any CPU
		{E253EEF9-ECE5-413B-A314-562A58900AA5}.Release|Any CPU.Build.0 = Release|Any CPU
	EndGlobalSection
	GlobalSection(SolutionProperties) = preSolution
		HideSolutionNode = FALSE
	EndGlobalSection
	GlobalSection(ExtensibilityGlobals) = postSolution
		SolutionGuid = {4F60CB76-EEF8-40A0-B381-0B462F308A76}
	EndGlobalSection
EndGlobal
